
Microsoft Visual Studio Solution File, Format Version 12.00
# Visual Studio Version 16
VisualStudioVersion = 16.0.28803.452
MinimumVisualStudioVersion = 10.0.40219.1
Project("{FAE04EC0-301F-11D3-BF4B-00C04F79EFBC}") = "Circustrein_algoritme", "Circustrein_algoritme\Circustrein_algoritme.csproj", "{1F69BE19-483B-417B-8AF2-86B254038D57}"
EndProject
Global
	GlobalSection(SolutionConfigurationPlatforms) = preSolution
		Debug|Any CPU = Debug|Any CPU
		Release|Any CPU = Release|Any CPU
	EndGlobalSection
	GlobalSection(ProjectConfigurationPlatforms) = postSolution
		{1F69BE19-483B-417B-8AF2-86B254038D57}.Debug|Any CPU.ActiveCfg = Debug|Any CPU
		{1F69BE19-483B-417B-8AF2-86B254038D57}.Debug|Any CPU.Build.0 = Debug|Any CPU
		{1F69BE19-483B-417B-8AF2-86B254038D57}.Release|Any CPU.ActiveCfg = Release|Any CPU
		{1F69BE19-483B-417B-8AF2-86B254038D57}.Release|Any CPU.Build.0 = Release|Any CPU
	EndGlobalSection
	GlobalSection(SolutionProperties) = preSolution
		HideSolutionNode = FALSE
	EndGlobalSection
	GlobalSection(ExtensibilityGlobals) = postSolution
		SolutionGuid = {E21D2CC5-D08C-4159-9274-5E613A4EA11D}
	EndGlobalSection
EndGlobal
